# This file is automatically @generated by Cargo.
# It is not intended for manual editing.
version = 3

[[package]]
name = "ahash"
version = "0.7.6"
source = "registry+https://github.com/rust-lang/crates.io-index"
checksum = "fcb51a0695d8f838b1ee009b3fbf66bda078cd64590202a864a8f3e8c4315c47"
dependencies = [
 "getrandom",
 "once_cell",
 "version_check",
]

[[package]]
name = "anyhow"
version = "1.0.66"
source = "registry+https://github.com/rust-lang/crates.io-index"
checksum = "216261ddc8289130e551ddcd5ce8a064710c0d064a4d2895c67151c92b5443f6"

[[package]]
name = "approx"
version = "0.3.2"
source = "registry+https://github.com/rust-lang/crates.io-index"
checksum = "f0e60b75072ecd4168020818c0107f2857bb6c4e64252d8d3983f6263b40a5c3"
dependencies = [
 "num-traits",
]

[[package]]
name = "async-stream"
version = "0.3.5"
source = "registry+https://github.com/rust-lang/crates.io-index"
checksum = "cd56dd203fef61ac097dd65721a419ddccb106b2d2b70ba60a6b529f03961a51"
dependencies = [
 "async-stream-impl",
 "futures-core",
 "pin-project-lite",
]

[[package]]
name = "async-stream-impl"
version = "0.3.5"
source = "registry+https://github.com/rust-lang/crates.io-index"
checksum = "16e62a023e7c117e27523144c5d2459f4397fcc3cab0085af8e2224f643a0193"
dependencies = [
 "proc-macro2",
 "quote",
 "syn 2.0.13",
]

[[package]]
name = "async-trait"
version = "0.1.68"
source = "registry+https://github.com/rust-lang/crates.io-index"
checksum = "b9ccdd8f2a161be9bd5c023df56f1b2a0bd1d83872ae53b71a84a12c9bf6e842"
dependencies = [
 "proc-macro2",
 "quote",
 "syn 2.0.13",
]

[[package]]
name = "autocfg"
version = "1.1.0"
source = "registry+https://github.com/rust-lang/crates.io-index"
checksum = "d468802bab17cbc0cc575e9b053f41e72aa36bfa6b7f55e3529ffa43161b97fa"

[[package]]
name = "base64"
version = "0.13.1"
source = "registry+https://github.com/rust-lang/crates.io-index"
checksum = "9e1b586273c5702936fe7b7d6896644d8be71e6314cfe09d3167c95f712589e8"

[[package]]
name = "bitflags"
version = "1.3.2"
source = "registry+https://github.com/rust-lang/crates.io-index"
checksum = "bef38d45163c2f1dde094a7dfd33ccf595c92905c8f8f4fdc18d06fb1037718a"

[[package]]
name = "block-buffer"
version = "0.10.4"
source = "registry+https://github.com/rust-lang/crates.io-index"
checksum = "3078c7629b62d3f0439517fa394996acacc5cbc91c5a20d8c658e77abd503a71"
dependencies = [
 "generic-array",
]

[[package]]
name = "bytecheck"
version = "0.6.10"
source = "registry+https://github.com/rust-lang/crates.io-index"
checksum = "13fe11640a23eb24562225322cd3e452b93a3d4091d62fab69c70542fcd17d1f"
dependencies = [
 "bytecheck_derive 0.6.10",
 "ptr_meta",
 "simdutf8",
]

[[package]]
name = "bytecheck"
version = "0.7.0"
source = "registry+https://github.com/rust-lang/crates.io-index"
checksum = "41502630fe304ce54cbb2f8389e017784dee2b0328147779fcbe43b9db06d35d"
dependencies = [
 "bytecheck_derive 0.7.0",
 "ptr_meta",
 "simdutf8",
]

[[package]]
name = "bytecheck_derive"
version = "0.6.10"
source = "registry+https://github.com/rust-lang/crates.io-index"
checksum = "e31225543cb46f81a7e224762764f4a6a0f097b1db0b175f69e8065efaa42de5"
dependencies = [
 "proc-macro2",
 "quote",
 "syn 1.0.103",
]

[[package]]
name = "bytecheck_derive"
version = "0.7.0"
source = "registry+https://github.com/rust-lang/crates.io-index"
checksum = "eda88c587085bc07dc201ab9df871bd9baa5e07f7754b745e4d7194b43ac1eda"
dependencies = [
 "proc-macro2",
 "quote",
 "syn 1.0.103",
]

[[package]]
name = "byteorder"
version = "1.4.3"
source = "registry+https://github.com/rust-lang/crates.io-index"
checksum = "14c189c53d098945499cdfa7ecc63567cf3886b3332b312a5b4585d8d3a6a610"

[[package]]
name = "bytes"
version = "1.2.1"
source = "registry+https://github.com/rust-lang/crates.io-index"
checksum = "ec8a7b6a70fde80372154c65702f00a0f56f3e1c36abbc6c440484be248856db"

[[package]]
name = "cc"
version = "1.0.76"
source = "registry+https://github.com/rust-lang/crates.io-index"
checksum = "76a284da2e6fe2092f2353e51713435363112dfd60030e22add80be333fb928f"

[[package]]
name = "cfg-if"
version = "1.0.0"
source = "registry+https://github.com/rust-lang/crates.io-index"
checksum = "baf1de4339761588bc0619e3cbc0120ee582ebb74b53b4efbf79117bd2da40fd"

[[package]]
name = "clap"
version = "4.0.29"
source = "registry+https://github.com/rust-lang/crates.io-index"
checksum = "4d63b9e9c07271b9957ad22c173bae2a4d9a81127680962039296abcd2f8251d"
dependencies = [
 "bitflags",
 "clap_lex",
 "is-terminal",
 "strsim",
 "termcolor",
]

[[package]]
name = "clap_derive"
version = "4.0.21"
source = "registry+https://github.com/rust-lang/crates.io-index"
checksum = "0177313f9f02afc995627906bbd8967e2be069f5261954222dac78290c2b9014"
dependencies = [
 "heck",
 "proc-macro-error",
 "proc-macro2",
 "quote",
 "syn 1.0.103",
]

[[package]]
name = "clap_lex"
version = "0.3.0"
source = "registry+https://github.com/rust-lang/crates.io-index"
checksum = "0d4198f73e42b4936b35b5bb248d81d2b595ecb170da0bac7655c54eedfa8da8"
dependencies = [
 "os_str_bytes",
]

[[package]]
name = "cpufeatures"
version = "0.2.6"
source = "registry+https://github.com/rust-lang/crates.io-index"
checksum = "280a9f2d8b3a38871a3c8a46fb80db65e5e5ed97da80c4d08bf27fb63e35e181"
dependencies = [
 "libc",
]

[[package]]
name = "crypto-common"
version = "0.1.6"
source = "registry+https://github.com/rust-lang/crates.io-index"
checksum = "1bfb12502f3fc46cca1bb51ac28df9d618d813cdc3d2f25b9fe775a34af26bb3"
dependencies = [
 "generic-array",
 "typenum",
]

[[package]]
name = "decorum"
version = "0.3.1"
source = "registry+https://github.com/rust-lang/crates.io-index"
checksum = "281759d3c8a14f5c3f0c49363be56810fcd7f910422f97f2db850c2920fde5cf"
dependencies = [
 "approx",
 "num-traits",
 "serde",
 "serde_derive",
]

[[package]]
name = "digest"
version = "0.10.6"
source = "registry+https://github.com/rust-lang/crates.io-index"
checksum = "8168378f4e5023e7218c89c891c0fd8ecdb5e5e4f18cb78f38cf245dd021e76f"
dependencies = [
 "block-buffer",
 "crypto-common",
]

[[package]]
name = "either"
version = "1.8.0"
source = "registry+https://github.com/rust-lang/crates.io-index"
checksum = "90e5c1c8368803113bf0c9584fc495a58b86dc8a29edbf8fe877d21d9507e797"

[[package]]
name = "enum-primitive-derive"
version = "0.2.2"
source = "registry+https://github.com/rust-lang/crates.io-index"
checksum = "c375b9c5eadb68d0a6efee2999fef292f45854c3444c86f09d8ab086ba942b0e"
dependencies = [
 "num-traits",
 "quote",
 "syn 1.0.103",
]

[[package]]
name = "errno"
version = "0.2.8"
source = "registry+https://github.com/rust-lang/crates.io-index"
checksum = "f639046355ee4f37944e44f60642c6f3a7efa3cf6b78c78a0d989a8ce6c396a1"
dependencies = [
 "errno-dragonfly",
 "libc",
 "winapi",
]

[[package]]
name = "errno-dragonfly"
version = "0.1.2"
source = "registry+https://github.com/rust-lang/crates.io-index"
checksum = "aa68f1b12764fab894d2755d2518754e71b4fd80ecfb822714a1206c2aab39bf"
dependencies = [
 "cc",
 "libc",
]

[[package]]
name = "fnv"
version = "1.0.7"
source = "registry+https://github.com/rust-lang/crates.io-index"
checksum = "3f9eec918d3f24069decb9af1554cad7c880e2da24a9afd88aca000531ab82c1"

[[package]]
name = "form_urlencoded"
version = "1.1.0"
source = "registry+https://github.com/rust-lang/crates.io-index"
checksum = "a9c384f161156f5260c24a097c56119f9be8c798586aecc13afbcbe7b7e26bf8"
dependencies = [
 "percent-encoding",
]

[[package]]
name = "futures-core"
version = "0.3.28"
source = "registry+https://github.com/rust-lang/crates.io-index"
checksum = "4bca583b7e26f571124fe5b7561d49cb2868d79116cfa0eefce955557c6fee8c"

[[package]]
name = "futures-macro"
version = "0.3.28"
source = "registry+https://github.com/rust-lang/crates.io-index"
checksum = "89ca545a94061b6365f2c7355b4b32bd20df3ff95f02da9329b34ccc3bd6ee72"
dependencies = [
 "proc-macro2",
 "quote",
 "syn 2.0.13",
]

[[package]]
name = "futures-sink"
version = "0.3.28"
source = "registry+https://github.com/rust-lang/crates.io-index"
checksum = "f43be4fe21a13b9781a69afa4985b0f6ee0e1afab2c6f454a8cf30e2b2237b6e"

[[package]]
name = "futures-task"
version = "0.3.28"
source = "registry+https://github.com/rust-lang/crates.io-index"
checksum = "76d3d132be6c0e6aa1534069c705a74a5997a356c0dc2f86a47765e5617c5b65"

[[package]]
name = "futures-util"
version = "0.3.28"
source = "registry+https://github.com/rust-lang/crates.io-index"
checksum = "26b01e40b772d54cf6c6d721c1d1abd0647a0106a12ecaa1c186273392a69533"
dependencies = [
 "futures-core",
 "futures-macro",
 "futures-sink",
 "futures-task",
 "pin-project-lite",
 "pin-utils",
 "slab",
]

[[package]]
name = "generic-array"
version = "0.14.7"
source = "registry+https://github.com/rust-lang/crates.io-index"
checksum = "85649ca51fd72272d7821adaf274ad91c288277713d9c18820d8499a7ff69e9a"
dependencies = [
 "typenum",
 "version_check",
]

[[package]]
name = "getrandom"
version = "0.2.8"
source = "registry+https://github.com/rust-lang/crates.io-index"
checksum = "c05aeb6a22b8f62540c194aac980f2115af067bfe15a0734d7277a768d396b31"
dependencies = [
 "cfg-if",
 "libc",
 "wasi",
]

[[package]]
name = "hashbrown"
version = "0.12.3"
source = "registry+https://github.com/rust-lang/crates.io-index"
checksum = "8a9ee70c43aaf417c914396645a0fa852624801b24ebb7ae78fe8272889ac888"
dependencies = [
 "ahash",
]

[[package]]
name = "heck"
version = "0.4.0"
source = "registry+https://github.com/rust-lang/crates.io-index"
checksum = "2540771e65fc8cb83cd6e8a237f70c319bd5c29f78ed1084ba5d50eeac86f7f9"

[[package]]
name = "hermit-abi"
version = "0.2.6"
source = "registry+https://github.com/rust-lang/crates.io-index"
checksum = "ee512640fe35acbfb4bb779db6f0d80704c2cacfa2e39b601ef3e3f47d1ae4c7"
dependencies = [
 "libc",
]

[[package]]
name = "http"
version = "0.2.9"
source = "registry+https://github.com/rust-lang/crates.io-index"
checksum = "bd6effc99afb63425aff9b05836f029929e345a6148a14b7ecd5ab67af944482"
dependencies = [
 "bytes",
 "fnv",
 "itoa",
]

[[package]]
name = "httparse"
version = "1.8.0"
source = "registry+https://github.com/rust-lang/crates.io-index"
checksum = "d897f394bad6a705d5f4104762e116a75639e470d80901eed05a860a95cb1904"

[[package]]
name = "hybrid-lock"
version = "0.1.0"
source = "registry+https://github.com/rust-lang/crates.io-index"
checksum = "6a2f8de4634d2ab7984df838f23e362c65605138b68a92e3a07cf785bd137e59"
dependencies = [
 "parking_lot",
]

[[package]]
name = "idna"
version = "0.3.0"
source = "registry+https://github.com/rust-lang/crates.io-index"
checksum = "e14ddfc70884202db2244c223200c204c2bda1bc6e0998d11b5e024d657209e6"
dependencies = [
 "unicode-bidi",
 "unicode-normalization",
]

[[package]]
name = "int-enum"
version = "0.5.0"
source = "registry+https://github.com/rust-lang/crates.io-index"
checksum = "cff87d3cc4b79b4559e3c75068d64247284aceb6a038bd4bb38387f3f164476d"
dependencies = [
 "int-enum-impl",
]

[[package]]
name = "int-enum-impl"
version = "0.5.0"
source = "registry+https://github.com/rust-lang/crates.io-index"
checksum = "df1f2f068675add1a3fc77f5f5ab2e29290c841ee34d151abc007bce902e5d34"
dependencies = [
 "proc-macro-crate",
 "proc-macro2",
 "quote",
 "syn 1.0.103",
]

[[package]]
name = "io-lifetimes"
version = "1.0.3"
source = "registry+https://github.com/rust-lang/crates.io-index"
checksum = "46112a93252b123d31a119a8d1a1ac19deac4fac6e0e8b0df58f0d4e5870e63c"
dependencies = [
 "libc",
 "windows-sys 0.42.0",
]

[[package]]
name = "is-terminal"
version = "0.4.1"
source = "registry+https://github.com/rust-lang/crates.io-index"
checksum = "927609f78c2913a6f6ac3c27a4fe87f43e2a35367c0c4b0f8265e8f49a104330"
dependencies = [
 "hermit-abi",
 "io-lifetimes",
 "rustix",
 "windows-sys 0.42.0",
]

[[package]]
name = "itertools"
version = "0.10.5"
source = "registry+https://github.com/rust-lang/crates.io-index"
checksum = "b0fd2260e829bddf4cb6ea802289de2f86d6a7a690192fbe91b3f46e0f2c8473"
dependencies = [
 "either",
]

[[package]]
name = "itoa"
version = "1.0.6"
source = "registry+https://github.com/rust-lang/crates.io-index"
checksum = "453ad9f582a441959e5f0d088b02ce04cfe8d51a8eaf077f12ac6d3e94164ca6"

[[package]]
name = "lazy_static"
version = "1.4.0"
source = "registry+https://github.com/rust-lang/crates.io-index"
checksum = "e2abad23fbc42b3700f2f279844dc832adb2b2eb069b2df918f455c4e18cc646"

[[package]]
name = "libc"
version = "0.2.140"
source = "registry+https://github.com/rust-lang/crates.io-index"
checksum = "99227334921fae1a979cf0bfdfcc6b3e5ce376ef57e16fb6fb3ea2ed6095f80c"

[[package]]
name = "linux-raw-sys"
version = "0.1.3"
source = "registry+https://github.com/rust-lang/crates.io-index"
checksum = "8f9f08d8963a6c613f4b1a78f4f4a4dbfadf8e6545b2d72861731e4858b8b47f"

[[package]]
name = "lock_api"
version = "0.4.9"
source = "registry+https://github.com/rust-lang/crates.io-index"
checksum = "435011366fe56583b16cf956f9df0095b405b82d76425bc8981c0e22e60ec4df"
dependencies = [
 "autocfg",
 "scopeguard",
]

[[package]]
name = "log"
version = "0.4.17"
source = "registry+https://github.com/rust-lang/crates.io-index"
checksum = "abb12e687cfb44aa40f41fc3978ef76448f9b6038cad6aef4259d3c095a2382e"
dependencies = [
 "cfg-if",
]

[[package]]
name = "mio"
version = "0.8.6"
source = "registry+https://github.com/rust-lang/crates.io-index"
checksum = "5b9d9a46eff5b4ff64b45a9e316a6d1e0bc719ef429cbec4dc630684212bfdf9"
dependencies = [
 "libc",
 "log",
 "wasi",
 "windows-sys 0.45.0",
]

[[package]]
name = "moor"
version = "0.1.0"
dependencies = [
 "anyhow",
 "async-trait",
 "bytecheck 0.7.0",
 "bytes",
 "clap",
 "clap_derive",
 "decorum",
 "enum-primitive-derive",
 "futures-util",
 "hybrid-lock",
 "int-enum",
 "itertools",
 "lazy_static",
 "libc",
 "num-traits",
 "paste",
 "pest",
 "pest_derive",
 "repr-trait",
 "rkyv",
 "serde",
 "slotmap",
 "snailquote",
 "symbol_table",
 "text_io",
 "thiserror",
 "tokio",
 "tokio-test",
 "tokio-tungstenite",
 "tungstenite",
]

[[package]]
name = "num-traits"
version = "0.2.15"
source = "registry+https://github.com/rust-lang/crates.io-index"
checksum = "578ede34cf02f8924ab9447f50c28075b4d3e5b269972345e7e0372b38c6cdcd"
dependencies = [
 "autocfg",
]

[[package]]
name = "num_cpus"
version = "1.15.0"
source = "registry+https://github.com/rust-lang/crates.io-index"
checksum = "0fac9e2da13b5eb447a6ce3d392f23a29d8694bff781bf03a16cd9ac8697593b"
dependencies = [
 "hermit-abi",
 "libc",
]

[[package]]
name = "once_cell"
version = "1.16.0"
source = "registry+https://github.com/rust-lang/crates.io-index"
checksum = "86f0b0d4bf799edbc74508c1e8bf170ff5f41238e5f8225603ca7caaae2b7860"

[[package]]
name = "os_str_bytes"
version = "6.4.1"
source = "registry+https://github.com/rust-lang/crates.io-index"
checksum = "9b7820b9daea5457c9f21c69448905d723fbd21136ccf521748f23fd49e723ee"

[[package]]
name = "parking_lot"
version = "0.12.1"
source = "registry+https://github.com/rust-lang/crates.io-index"
checksum = "3742b2c103b9f06bc9fff0a37ff4912935851bee6d36f3c02bcc755bcfec228f"
dependencies = [
 "lock_api",
 "parking_lot_core",
]

[[package]]
name = "parking_lot_core"
version = "0.9.7"
source = "registry+https://github.com/rust-lang/crates.io-index"
checksum = "9069cbb9f99e3a5083476ccb29ceb1de18b9118cafa53e90c9551235de2b9521"
dependencies = [
 "cfg-if",
 "libc",
 "redox_syscall",
 "smallvec",
 "windows-sys 0.45.0",
]

[[package]]
name = "paste"
version = "1.0.12"
source = "registry+https://github.com/rust-lang/crates.io-index"
checksum = "9f746c4065a8fa3fe23974dd82f15431cc8d40779821001404d10d2e79ca7d79"

[[package]]
name = "percent-encoding"
version = "2.2.0"
source = "registry+https://github.com/rust-lang/crates.io-index"
checksum = "478c572c3d73181ff3c2539045f6eb99e5491218eae919370993b890cdbdd98e"

[[package]]
name = "pest"
version = "2.5.7"
source = "registry+https://github.com/rust-lang/crates.io-index"
checksum = "7b1403e8401ad5dedea73c626b99758535b342502f8d1e361f4a2dd952749122"
dependencies = [
 "thiserror",
 "ucd-trie",
]

[[package]]
name = "pest_derive"
version = "2.5.7"
source = "registry+https://github.com/rust-lang/crates.io-index"
checksum = "be99c4c1d2fc2769b1d00239431d711d08f6efedcecb8b6e30707160aee99c15"
dependencies = [
 "pest",
 "pest_generator",
]

[[package]]
name = "pest_generator"
version = "2.5.7"
source = "registry+https://github.com/rust-lang/crates.io-index"
checksum = "e56094789873daa36164de2e822b3888c6ae4b4f9da555a1103587658c805b1e"
dependencies = [
 "pest",
 "pest_meta",
 "proc-macro2",
 "quote",
 "syn 2.0.13",
]

[[package]]
name = "pest_meta"
version = "2.5.7"
source = "registry+https://github.com/rust-lang/crates.io-index"
checksum = "6733073c7cff3d8459fda0e42f13a047870242aed8b509fe98000928975f359e"
dependencies = [
 "once_cell",
 "pest",
 "sha2",
]

[[package]]
name = "pin-project-lite"
version = "0.2.9"
source = "registry+https://github.com/rust-lang/crates.io-index"
checksum = "e0a7ae3ac2f1173085d398531c705756c94a4c56843785df85a60c1a0afac116"

[[package]]
name = "pin-utils"
version = "0.1.0"
source = "registry+https://github.com/rust-lang/crates.io-index"
checksum = "8b870d8c151b6f2fb93e84a13146138f05d02ed11c7e7c54f8826aaaf7c9f184"

[[package]]
name = "ppv-lite86"
version = "0.2.17"
source = "registry+https://github.com/rust-lang/crates.io-index"
checksum = "5b40af805b3121feab8a3c29f04d8ad262fa8e0561883e7653e024ae4479e6de"

[[package]]
name = "proc-macro-crate"
version = "1.2.1"
source = "registry+https://github.com/rust-lang/crates.io-index"
checksum = "eda0fc3b0fb7c975631757e14d9049da17374063edb6ebbcbc54d880d4fe94e9"
dependencies = [
 "once_cell",
 "thiserror",
 "toml",
]

[[package]]
name = "proc-macro-error"
version = "1.0.4"
source = "registry+https://github.com/rust-lang/crates.io-index"
checksum = "da25490ff9892aab3fcf7c36f08cfb902dd3e71ca0f9f9517bea02a73a5ce38c"
dependencies = [
 "proc-macro-error-attr",
 "proc-macro2",
 "quote",
 "syn 1.0.103",
 "version_check",
]

[[package]]
name = "proc-macro-error-attr"
version = "1.0.4"
source = "registry+https://github.com/rust-lang/crates.io-index"
checksum = "a1be40180e52ecc98ad80b184934baf3d0d29f979574e439af5a55274b35f869"
dependencies = [
 "proc-macro2",
 "quote",
 "version_check",
]

[[package]]
name = "proc-macro2"
version = "1.0.56"
source = "registry+https://github.com/rust-lang/crates.io-index"
checksum = "2b63bdb0cd06f1f4dedf69b254734f9b45af66e4a031e42a7480257d9898b435"
dependencies = [
 "unicode-ident",
]

[[package]]
name = "ptr_meta"
version = "0.1.4"
source = "registry+https://github.com/rust-lang/crates.io-index"
checksum = "0738ccf7ea06b608c10564b31debd4f5bc5e197fc8bfe088f68ae5ce81e7a4f1"
dependencies = [
 "ptr_meta_derive",
]

[[package]]
name = "ptr_meta_derive"
version = "0.1.4"
source = "registry+https://github.com/rust-lang/crates.io-index"
checksum = "16b845dbfca988fa33db069c0e230574d15a3088f147a87b64c7589eb662c9ac"
dependencies = [
 "proc-macro2",
 "quote",
 "syn 1.0.103",
]

[[package]]
name = "quote"
version = "1.0.26"
source = "registry+https://github.com/rust-lang/crates.io-index"
checksum = "4424af4bf778aae2051a77b60283332f386554255d722233d09fbfc7e30da2fc"
dependencies = [
 "proc-macro2",
]

[[package]]
name = "rand"
version = "0.8.5"
source = "registry+https://github.com/rust-lang/crates.io-index"
checksum = "34af8d1a0e25924bc5b7c43c079c942339d8f0a8b57c39049bef581b46327404"
dependencies = [
 "libc",
 "rand_chacha",
 "rand_core",
]

[[package]]
name = "rand_chacha"
version = "0.3.1"
source = "registry+https://github.com/rust-lang/crates.io-index"
checksum = "e6c10a63a0fa32252be49d21e7709d4d4baf8d231c2dbce1eaa8141b9b127d88"
dependencies = [
 "ppv-lite86",
 "rand_core",
]

[[package]]
name = "rand_core"
version = "0.6.4"
source = "registry+https://github.com/rust-lang/crates.io-index"
checksum = "ec0be4795e2f6a28069bec0b5ff3e2ac9bafc99e6a9a7dc3547996c5c816922c"
dependencies = [
 "getrandom",
]

[[package]]
name = "redox_syscall"
version = "0.2.16"
source = "registry+https://github.com/rust-lang/crates.io-index"
checksum = "fb5a58c1855b4b6819d59012155603f0b22ad30cad752600aadfcb695265519a"
dependencies = [
 "bitflags",
]

[[package]]
name = "rend"
version = "0.4.0"
source = "registry+https://github.com/rust-lang/crates.io-index"
checksum = "581008d2099240d37fb08d77ad713bcaec2c4d89d50b5b21a8bb1996bbab68ab"
dependencies = [
 "bytecheck 0.6.10",
]

[[package]]
name = "repr-trait"
version = "1.0.0"
source = "registry+https://github.com/rust-lang/crates.io-index"
checksum = "1fbb00d09cd285bbcc2e3d62fb4df303136ab0f02827e1e958fa8ded91d99108"
dependencies = [
 "repr-trait-derive",
]

[[package]]
name = "repr-trait-derive"
version = "1.0.0"
source = "registry+https://github.com/rust-lang/crates.io-index"
checksum = "8512d52df656782c3ba2efa23ad296564a2d7b58ee8d74e9f502542b95dffdbb"
dependencies = [
 "quote",
 "syn 1.0.103",
]

[[package]]
name = "rkyv"
version = "0.7.41"
source = "registry+https://github.com/rust-lang/crates.io-index"
checksum = "21499ed91807f07ae081880aabb2ccc0235e9d88011867d984525e9a4c3cfa3e"
dependencies = [
 "bytecheck 0.6.10",
 "hashbrown",
 "ptr_meta",
 "rend",
 "rkyv_derive",
 "seahash",
]

[[package]]
name = "rkyv_derive"
version = "0.7.41"
source = "registry+https://github.com/rust-lang/crates.io-index"
checksum = "ac1c672430eb41556291981f45ca900a0239ad007242d1cb4b4167af842db666"
dependencies = [
 "proc-macro2",
 "quote",
 "syn 1.0.103",
]

[[package]]
name = "rustix"
version = "0.36.5"
source = "registry+https://github.com/rust-lang/crates.io-index"
checksum = "a3807b5d10909833d3e9acd1eb5fb988f79376ff10fce42937de71a449c4c588"
dependencies = [
 "bitflags",
 "errno",
 "io-lifetimes",
 "libc",
 "linux-raw-sys",
 "windows-sys 0.42.0",
]

[[package]]
name = "scopeguard"
version = "1.1.0"
source = "registry+https://github.com/rust-lang/crates.io-index"
checksum = "d29ab0c6d3fc0ee92fe66e2d99f700eab17a8d57d1c1d3b748380fb20baa78cd"

[[package]]
name = "seahash"
version = "4.1.0"
source = "registry+https://github.com/rust-lang/crates.io-index"
checksum = "1c107b6f4780854c8b126e228ea8869f4d7b71260f962fefb57b996b8959ba6b"

[[package]]
name = "serde"
version = "1.0.147"
source = "registry+https://github.com/rust-lang/crates.io-index"
checksum = "d193d69bae983fc11a79df82342761dfbf28a99fc8d203dca4c3c1b590948965"
dependencies = [
 "serde_derive",
]

[[package]]
name = "serde_derive"
version = "1.0.147"
source = "registry+https://github.com/rust-lang/crates.io-index"
checksum = "4f1d362ca8fc9c3e3a7484440752472d68a6caa98f1ab81d99b5dfe517cec852"
dependencies = [
 "proc-macro2",
 "quote",
 "syn 1.0.103",
]

[[package]]
name = "sha1"
version = "0.10.5"
source = "registry+https://github.com/rust-lang/crates.io-index"
checksum = "f04293dc80c3993519f2d7f6f511707ee7094fe0c6d3406feb330cdb3540eba3"
dependencies = [
 "cfg-if",
 "cpufeatures",
 "digest",
]

[[package]]
name = "sha2"
version = "0.10.6"
source = "registry+https://github.com/rust-lang/crates.io-index"
checksum = "82e6b795fe2e3b1e845bafcb27aa35405c4d47cdfc92af5fc8d3002f76cebdc0"
dependencies = [
 "cfg-if",
 "cpufeatures",
 "digest",
]

[[package]]
name = "signal-hook-registry"
version = "1.4.1"
source = "registry+https://github.com/rust-lang/crates.io-index"
checksum = "d8229b473baa5980ac72ef434c4415e70c4b5e71b423043adb4ba059f89c99a1"
dependencies = [
 "libc",
]

[[package]]
name = "simdutf8"
version = "0.1.4"
source = "registry+https://github.com/rust-lang/crates.io-index"
checksum = "f27f6278552951f1f2b8cf9da965d10969b2efdea95a6ec47987ab46edfe263a"

[[package]]
name = "slab"
version = "0.4.8"
source = "registry+https://github.com/rust-lang/crates.io-index"
checksum = "6528351c9bc8ab22353f9d776db39a20288e8d6c37ef8cfe3317cf875eecfc2d"
dependencies = [
 "autocfg",
]

[[package]]
name = "slotmap"
version = "1.0.6"
source = "registry+https://github.com/rust-lang/crates.io-index"
checksum = "e1e08e261d0e8f5c43123b7adf3e4ca1690d655377ac93a03b2c9d3e98de1342"
dependencies = [
 "version_check",
]

[[package]]
name = "smallvec"
version = "1.10.0"
source = "registry+https://github.com/rust-lang/crates.io-index"
checksum = "a507befe795404456341dfab10cef66ead4c041f62b8b11bbb92bffe5d0953e0"

[[package]]
name = "snailquote"
version = "0.3.1"
source = "registry+https://github.com/rust-lang/crates.io-index"
checksum = "ec62a949bda7f15800481a711909f946e1204f2460f89210eaf7f57730f88f86"
dependencies = [
 "thiserror",
 "unicode_categories",
]

[[package]]
name = "socket2"
version = "0.4.9"
source = "registry+https://github.com/rust-lang/crates.io-index"
checksum = "64a4a911eed85daf18834cfaa86a79b7d266ff93ff5ba14005426219480ed662"
dependencies = [
 "libc",
 "winapi",
]

[[package]]
name = "strsim"
version = "0.10.0"
source = "registry+https://github.com/rust-lang/crates.io-index"
checksum = "73473c0e59e6d5812c5dfe2a064a6444949f089e20eec9a2e5506596494e4623"

[[package]]
name = "symbol_table"
version = "0.3.0"
source = "registry+https://github.com/rust-lang/crates.io-index"
checksum = "828f672b631c220bf6ea8a1d3b82c7d0fc998e5ba8373383d8604bc1e2a6245a"
dependencies = [
 "ahash",
 "hashbrown",
]

[[package]]
name = "syn"
version = "1.0.103"
source = "registry+https://github.com/rust-lang/crates.io-index"
checksum = "a864042229133ada95abf3b54fdc62ef5ccabe9515b64717bcb9a1919e59445d"
dependencies = [
 "proc-macro2",
 "quote",
 "unicode-ident",
]

[[package]]
name = "syn"
version = "2.0.13"
source = "registry+https://github.com/rust-lang/crates.io-index"
checksum = "4c9da457c5285ac1f936ebd076af6dac17a61cfe7826f2076b4d015cf47bc8ec"
dependencies = [
 "proc-macro2",
 "quote",
 "unicode-ident",
]

[[package]]
name = "termcolor"
version = "1.1.3"
source = "registry+https://github.com/rust-lang/crates.io-index"
checksum = "bab24d30b911b2376f3a13cc2cd443142f0c81dda04c118693e35b3835757755"
dependencies = [
 "winapi-util",
]

[[package]]
name = "text_io"
version = "0.1.12"
source = "registry+https://github.com/rust-lang/crates.io-index"
checksum = "d5f0c8eb2ad70c12a6a69508f499b3051c924f4b1cfeae85bfad96e6bc5bba46"

[[package]]
name = "thiserror"
version = "1.0.37"
source = "registry+https://github.com/rust-lang/crates.io-index"
checksum = "10deb33631e3c9018b9baf9dcbbc4f737320d2b576bac10f6aefa048fa407e3e"
dependencies = [
 "thiserror-impl",
]

[[package]]
name = "thiserror-impl"
version = "1.0.37"
source = "registry+https://github.com/rust-lang/crates.io-index"
checksum = "982d17546b47146b28f7c22e3d08465f6b8903d0ea13c1660d9d84a6e7adcdbb"
dependencies = [
 "proc-macro2",
 "quote",
 "syn 1.0.103",
]

[[package]]
name = "tinyvec"
version = "1.6.0"
source = "registry+https://github.com/rust-lang/crates.io-index"
checksum = "87cc5ceb3875bb20c2890005a4e226a4651264a5c75edb2421b52861a0a0cb50"
dependencies = [
 "tinyvec_macros",
]

[[package]]
name = "tinyvec_macros"
version = "0.1.1"
source = "registry+https://github.com/rust-lang/crates.io-index"
checksum = "1f3ccbac311fea05f86f61904b462b55fb3df8837a366dfc601a0161d0532f20"

[[package]]
name = "tokio"
version = "1.27.0"
source = "registry+https://github.com/rust-lang/crates.io-index"
checksum = "d0de47a4eecbe11f498978a9b29d792f0d2692d1dd003650c24c76510e3bc001"
dependencies = [
 "autocfg",
 "bytes",
 "libc",
 "mio",
 "num_cpus",
 "parking_lot",
 "pin-project-lite",
 "signal-hook-registry",
 "socket2",
 "tokio-macros",
 "windows-sys 0.45.0",
]

[[package]]
name = "tokio-macros"
version = "2.0.0"
source = "registry+https://github.com/rust-lang/crates.io-index"
checksum = "61a573bdc87985e9d6ddeed1b3d864e8a302c847e40d647746df2f1de209d1ce"
dependencies = [
 "proc-macro2",
 "quote",
 "syn 2.0.13",
]

[[package]]
name = "tokio-stream"
version = "0.1.12"
source = "registry+https://github.com/rust-lang/crates.io-index"
checksum = "8fb52b74f05dbf495a8fba459fdc331812b96aa086d9eb78101fa0d4569c3313"
dependencies = [
 "futures-core",
 "pin-project-lite",
 "tokio",
]

[[package]]
name = "tokio-test"
version = "0.4.2"
source = "registry+https://github.com/rust-lang/crates.io-index"
checksum = "53474327ae5e166530d17f2d956afcb4f8a004de581b3cae10f12006bc8163e3"
dependencies = [
 "async-stream",
 "bytes",
 "futures-core",
 "tokio",
 "tokio-stream",
]

[[package]]
name = "tokio-tungstenite"
version = "0.18.0"
source = "registry+https://github.com/rust-lang/crates.io-index"
checksum = "54319c93411147bced34cb5609a80e0a8e44c5999c93903a81cd866630ec0bfd"
dependencies = [
 "futures-util",
 "log",
 "tokio",
 "tungstenite",
]

[[package]]
name = "toml"
version = "0.5.9"
source = "registry+https://github.com/rust-lang/crates.io-index"
checksum = "8d82e1a7758622a465f8cee077614c73484dac5b836c02ff6a40d5d1010324d7"
dependencies = [
 "serde",
]

[[package]]
name = "tungstenite"
version = "0.18.0"
source = "registry+https://github.com/rust-lang/crates.io-index"
checksum = "30ee6ab729cd4cf0fd55218530c4522ed30b7b6081752839b68fcec8d0960788"
dependencies = [
 "base64",
 "byteorder",
 "bytes",
 "http",
 "httparse",
 "log",
 "rand",
 "sha1",
 "thiserror",
 "url",
 "utf-8",
]

[[package]]
name = "typenum"
version = "1.16.0"
source = "registry+https://github.com/rust-lang/crates.io-index"
checksum = "497961ef93d974e23eb6f433eb5fe1b7930b659f06d12dec6fc44a8f554c0bba"

[[package]]
name = "ucd-trie"
version = "0.1.5"
source = "registry+https://github.com/rust-lang/crates.io-index"
checksum = "9e79c4d996edb816c91e4308506774452e55e95c3c9de07b6729e17e15a5ef81"

[[package]]
name = "unicode-bidi"
version = "0.3.13"
source = "registry+https://github.com/rust-lang/crates.io-index"
checksum = "92888ba5573ff080736b3648696b70cafad7d250551175acbaa4e0385b3e1460"

[[package]]
name = "unicode-ident"
version = "1.0.5"
source = "registry+https://github.com/rust-lang/crates.io-index"
checksum = "6ceab39d59e4c9499d4e5a8ee0e2735b891bb7308ac83dfb4e80cad195c9f6f3"

[[package]]
name = "unicode-normalization"
version = "0.1.22"
source = "registry+https://github.com/rust-lang/crates.io-index"
checksum = "5c5713f0fc4b5db668a2ac63cdb7bb4469d8c9fed047b1d0292cc7b0ce2ba921"
dependencies = [
 "tinyvec",
]

[[package]]
name = "unicode_categories"
version = "0.1.1"
source = "registry+https://github.com/rust-lang/crates.io-index"
checksum = "39ec24b3121d976906ece63c9daad25b85969647682eee313cb5779fdd69e14e"

[[package]]
name = "url"
version = "2.3.1"
source = "registry+https://github.com/rust-lang/crates.io-index"
checksum = "0d68c799ae75762b8c3fe375feb6600ef5602c883c5d21eb51c09f22b83c4643"
dependencies = [
 "form_urlencoded",
 "idna",
 "percent-encoding",
]

[[package]]
name = "utf-8"
version = "0.7.6"
source = "registry+https://github.com/rust-lang/crates.io-index"
checksum = "09cc8ee72d2a9becf2f2febe0205bbed8fc6615b7cb429ad062dc7b7ddd036a9"

[[package]]
name = "version_check"
version = "0.9.4"
source = "registry+https://github.com/rust-lang/crates.io-index"
checksum = "49874b5167b65d7193b8aba1567f5c7d93d001cafc34600cee003eda787e483f"

[[package]]
name = "wasi"
version = "0.11.0+wasi-snapshot-preview1"
source = "registry+https://github.com/rust-lang/crates.io-index"
checksum = "9c8d87e72b64a3b4db28d11ce29237c246188f4f51057d65a7eab63b7987e423"

[[package]]
name = "winapi"
version = "0.3.9"
source = "registry+https://github.com/rust-lang/crates.io-index"
checksum = "5c839a674fcd7a98952e593242ea400abe93992746761e38641405d28b00f419"
dependencies = [
 "winapi-i686-pc-windows-gnu",
 "winapi-x86_64-pc-windows-gnu",
]

[[package]]
name = "winapi-i686-pc-windows-gnu"
version = "0.4.0"
source = "registry+https://github.com/rust-lang/crates.io-index"
checksum = "ac3b87c63620426dd9b991e5ce0329eff545bccbbb34f3be09ff6fb6ab51b7b6"

[[package]]
name = "winapi-util"
version = "0.1.5"
source = "registry+https://github.com/rust-lang/crates.io-index"
checksum = "70ec6ce85bb158151cae5e5c87f95a8e97d2c0c4b001223f33a334e3ce5de178"
dependencies = [
 "winapi",
]

[[package]]
name = "winapi-x86_64-pc-windows-gnu"
version = "0.4.0"
source = "registry+https://github.com/rust-lang/crates.io-index"
checksum = "712e227841d057c1ee1cd2fb22fa7e5a5461ae8e48fa2ca79ec42cfc1931183f"

[[package]]
name = "windows-sys"
version = "0.42.0"
source = "registry+https://github.com/rust-lang/crates.io-index"
checksum = "5a3e1820f08b8513f676f7ab6c1f99ff312fb97b553d30ff4dd86f9f15728aa7"
dependencies = [
 "windows_aarch64_gnullvm",
 "windows_aarch64_msvc",
 "windows_i686_gnu",
 "windows_i686_msvc",
 "windows_x86_64_gnu",
 "windows_x86_64_gnullvm",
 "windows_x86_64_msvc",
]

[[package]]
name = "windows-sys"
version = "0.45.0"
source = "registry+https://github.com/rust-lang/crates.io-index"
checksum = "75283be5efb2831d37ea142365f009c02ec203cd29a3ebecbc093d52315b66d0"
dependencies = [
 "windows-targets",
]

[[package]]
name = "windows-targets"
version = "0.42.2"
source = "registry+https://github.com/rust-lang/crates.io-index"
checksum = "8e5180c00cd44c9b1c88adb3693291f1cd93605ded80c250a75d472756b4d071"
dependencies = [
 "windows_aarch64_gnullvm",
 "windows_aarch64_msvc",
 "windows_i686_gnu",
 "windows_i686_msvc",
 "windows_x86_64_gnu",
 "windows_x86_64_gnullvm",
 "windows_x86_64_msvc",
]

[[package]]
name = "windows_aarch64_gnullvm"
version = "0.42.2"
source = "registry+https://github.com/rust-lang/crates.io-index"
checksum = "597a5118570b68bc08d8d59125332c54f1ba9d9adeedeef5b99b02ba2b0698f8"

[[package]]
name = "windows_aarch64_msvc"
version = "0.42.2"
source = "registry+https://github.com/rust-lang/crates.io-index"
checksum = "e08e8864a60f06ef0d0ff4ba04124db8b0fb3be5776a5cd47641e942e58c4d43"

[[package]]
name = "windows_i686_gnu"
version = "0.42.2"
source = "registry+https://github.com/rust-lang/crates.io-index"
checksum = "c61d927d8da41da96a81f029489353e68739737d3beca43145c8afec9a31a84f"

[[package]]
name = "windows_i686_msvc"
version = "0.42.2"
source = "registry+https://github.com/rust-lang/crates.io-index"
checksum = "44d840b6ec649f480a41c8d80f9c65108b92d89345dd94027bfe06ac444d1060"

[[package]]
name = "windows_x86_64_gnu"
version = "0.42.2"
source = "registry+https://github.com/rust-lang/crates.io-index"
checksum = "8de912b8b8feb55c064867cf047dda097f92d51efad5b491dfb98f6bbb70cb36"

[[package]]
name = "windows_x86_64_gnullvm"
version = "0.42.2"
source = "registry+https://github.com/rust-lang/crates.io-index"
checksum = "26d41b46a36d453748aedef1486d5c7a85db22e56aff34643984ea85514e94a3"

[[package]]
name = "windows_x86_64_msvc"
version = "0.42.2"
source = "registry+https://github.com/rust-lang/crates.io-index"
checksum = "9aec5da331524158c6d1a4ac0ab1541149c0b9505fde06423b02f5ef0106b9f0"
